<?xml version="1.0" encoding="utf-8"?>
<Project ToolsVersion="4.0" xmlns="http://schemas.microsoft.com/developer/msbuild/2003">
  <ItemGroup>
    <Filter Include="Source Files">
      <UniqueIdentifier>{4FC737F1-C7A5-4376-A066-2A32D752A2FF}</UniqueIdentifier>
      <Extensions>cpp;c;cc;cxx;def;odl;idl;hpj;bat;asm;asmx</Extensions>
    </Filter>
    <Filter Include="Header Files">
      <UniqueIdentifier>{93995380-89BD-4b04-88EB-625FBE52EBFB}</UniqueIdentifier>
      <Extensions>h;hh;hpp;hxx;hm;inl;inc;xsd</Extensions>
    </Filter>
    <Filter Include="Resource Files">
      <UniqueIdentifier>{67DA6AB6-F800-4c08-8B7A-83BB121AAD01}</UniqueIdentifier>
      <Extensions>rc;ico;cur;bmp;dlg;rc2;rct;bin;rgs;gif;jpg;jpeg;jpe;resx;tiff;tif;png;wav;mfcribbon-ms</Extensions>
    </Filter>
  </ItemGroup>
  <ItemGroup>
    <ClInclude Include="hyodykkeet.h">
      <Filter>Header Files</Filter>
    </ClInclude>
    <ClInclude Include="koordinaatti.h">
      <Filter>Header Files</Filter>
    </ClInclude>
    <ClInclude Include="pelirajapinta.h">
      <Filter>Header Files</Filter>
    </ClInclude>
    <ClInclude Include="luettelotyypit.h">
      <Filter>Header Files</Filter>
    </ClInclude>
    <ClInclude Include="virhe.h">
      <Filter>Header Files</Filter>
    </ClInclude>
    <ClInclude Include="nayttorajapinta.h">
      <Filter>Header Files</Filter>
    </ClInclude>
    <ClInclude Include="debug.h">
      <Filter>Header Files</Filter>
    </ClInclude>
    <ClInclude Include="komentovirhe.h">
      <Filter>Header Files</Filter>
    </ClInclude>
    <ClInclude Include="toimintovirhe.h">
      <Filter>Header Files</Filter>
    </ClInclude>
    <ClInclude Include="toteuttamaton_virhe.h">
      <Filter>Header Files</Filter>
    </ClInclude>
    <ClInclude Include="vaittama.h">
      <Filter>Header Files</Filter>
    </ClInclude>
    <ClInclude Include="alustusvirhe.h">
      <Filter>Header Files</Filter>
    </ClInclude>
    <ClInclude Include="nayttovirhe.h">
      <Filter>Header Files</Filter>
    </ClInclude>
    <ClInclude Include="logiikkavirhe.h">
      <Filter>Header Files</Filter>
    </ClInclude>
    <ClInclude Include="pelitehdas.h">
      <Filter>Header Files</Filter>
    </ClInclude>
    <ClInclude Include="include\Bittikartta.h">
      <Filter>Header Files</Filter>
    </ClInclude>
    <ClInclude Include="include\Alustaja.h">
      <Filter>Header Files</Filter>
    </ClInclude>
    <ClInclude Include="include\esiehtovirhe.h">
      <Filter>Header Files</Filter>
    </ClInclude>
    <ClInclude Include="include\include.h">
      <Filter>Header Files</Filter>
    </ClInclude>
    <ClInclude Include="include\invarianttivirhe.h">
      <Filter>Header Files</Filter>
    </ClInclude>
    <ClInclude Include="include\jalkiehtovirhe.h">
      <Filter>Header Files</Filter>
    </ClInclude>
    <ClInclude Include="include\komentotulkki.h">
      <Filter>Header Files</Filter>
    </ClInclude>
    <ClInclude Include="include\naytto.h">
      <Filter>Header Files</Filter>
    </ClInclude>
    <ClInclude Include="include\rakentaja.h">
      <Filter>Header Files</Filter>
    </ClInclude>
    <ClInclude Include="include\vaittamavirhe.h">
      <Filter>Header Files</Filter>
    </ClInclude>
    <ClInclude Include="peli.h">
      <Filter>Header Files</Filter>
    </ClInclude>
  </ItemGroup>
  <ItemGroup>
    <ClCompile Include="Alustaja.cpp">
      <Filter>Source Files</Filter>
    </ClCompile>
    <ClCompile Include="Bittikartta.cpp">
      <Filter>Source Files</Filter>
    </ClCompile>
    <ClCompile Include="esiehtovirhe.cpp">
      <Filter>Source Files</Filter>
    </ClCompile>
    <ClCompile Include="invarianttivirhe.cpp">
      <Filter>Source Files</Filter>
    </ClCompile>
    <ClCompile Include="jalkiehtovirhe.cpp">
      <Filter>Source Files</Filter>
    </ClCompile>
    <ClCompile Include="komentotulkki.cpp">
      <Filter>Source Files</Filter>
    </ClCompile>
    <ClCompile Include="naytto.cpp">
      <Filter>Source Files</Filter>
    </ClCompile>
    <ClCompile Include="rakentaja.cpp">
      <Filter>Source Files</Filter>
    </ClCompile>
    <ClCompile Include="vaittamavirhe.cpp">
      <Filter>Source Files</Filter>
    </ClCompile>
    <ClCompile Include="hyodykkeet.cpp">
      <Filter>Source Files</Filter>
    </ClCompile>
    <ClCompile Include="koordinaatti.cpp">
      <Filter>Source Files</Filter>
    </ClCompile>
    <ClCompile Include="virhe.cpp">
      <Filter>Source Files</Filter>
    </ClCompile>
    <ClCompile Include="komentovirhe.cpp">
      <Filter>Source Files</Filter>
    </ClCompile>
    <ClCompile Include="toimintovirhe.cpp">
      <Filter>Source Files</Filter>
    </ClCompile>
    <ClCompile Include="toteuttamaton_virhe.cpp">
      <Filter>Source Files</Filter>
    </ClCompile>
    <ClCompile Include="vaittama.cpp">
      <Filter>Source Files</Filter>
    </ClCompile>
    <ClCompile Include="alustusvirhe.cpp">
      <Filter>Source Files</Filter>
    </ClCompile>
    <ClCompile Include="nayttovirhe.cpp">
      <Filter>Source Files</Filter>
    </ClCompile>
    <ClCompile Include="labyrintti.cpp">
      <Filter>Source Files</Filter>
    </ClCompile>
    <ClCompile Include="logiikkavirhe.cpp">
      <Filter>Source Files</Filter>
    </ClCompile>
    <ClCompile Include="peli.cpp">
      <Filter>Source Files</Filter>
    </ClCompile>
  </ItemGroup>
</Project>